// !$*UTF8*$!
{
	archiveVersion = 1;
	classes = {
	};
	objectVersion = 44;
	objects = {

/* Begin PBXBuildFile section */
		430279100EB7A8B2004867B4 /* Problem102.m in Sources */ = {isa = PBXBuildFile; fileRef = 4302790F0EB7A8B2004867B4 /* Problem102.m */; };
		4320B8840EB83C4D00FC2B88 /* Problem42.m in Sources */ = {isa = PBXBuildFile; fileRef = 4320B8830EB83C4D00FC2B88 /* Problem42.m */; };
		4320B8AD0EB8415200FC2B88 /* Problem52.m in Sources */ = {isa = PBXBuildFile; fileRef = 4320B8AC0EB8415200FC2B88 /* Problem52.m */; };
		4320B8D30EB8473100FC2B88 /* Problem32.m in Sources */ = {isa = PBXBuildFile; fileRef = 4320B8D20EB8473100FC2B88 /* Problem32.m */; };
		433533890D360732001F23F8 /* PEProblem.m in Sources */ = {isa = PBXBuildFile; fileRef = 433533880D360732001F23F8 /* PEProblem.m */; };
		4335338E0D3607A4001F23F8 /* Problem1.m in Sources */ = {isa = PBXBuildFile; fileRef = 4335338D0D3607A4001F23F8 /* Problem1.m */; };
		4335346B0D36133C001F23F8 /* Problem2.m in Sources */ = {isa = PBXBuildFile; fileRef = 4335346A0D36133C001F23F8 /* Problem2.m */; };
		433534B70D36153B001F23F8 /* Problem3.m in Sources */ = {isa = PBXBuildFile; fileRef = 433534B60D36153B001F23F8 /* Problem3.m */; };
		433534FD0D361803001F23F8 /* Util.m in Sources */ = {isa = PBXBuildFile; fileRef = 433534FC0D361803001F23F8 /* Util.m */; };
		433535750D361D47001F23F8 /* Problem19.m in Sources */ = {isa = PBXBuildFile; fileRef = 433535740D361D47001F23F8 /* Problem19.m */; };
		433535C30D36230A001F23F8 /* Problem18.m in Sources */ = {isa = PBXBuildFile; fileRef = 433535C20D36230A001F23F8 /* Problem18.m */; };
		4341D1DA0D36B22700E58B07 /* Problem67.m in Sources */ = {isa = PBXBuildFile; fileRef = 4341D1D90D36B22700E58B07 /* Problem67.m */; };
		4357F9080EF8E4A2004D95B5 /* Problem27.m in Sources */ = {isa = PBXBuildFile; fileRef = 4357F9070EF8E4A2004D95B5 /* Problem27.m */; };
		438A45020EBEC34500B16794 /* Problem53.m in Sources */ = {isa = PBXBuildFile; fileRef = 438A45010EBEC34500B16794 /* Problem53.m */; };
		438E2F1A0EBAF86A00265194 /* Problem45.m in Sources */ = {isa = PBXBuildFile; fileRef = 438E2F190EBAF86A00265194 /* Problem45.m */; };
		4390DDAD0E8C77D3001E58D2 /* Problem23.m in Sources */ = {isa = PBXBuildFile; fileRef = 4390DDAC0E8C77D3001E58D2 /* Problem23.m */; };
		43944AF80EB0F21E0093D00E /* Problem213.m in Sources */ = {isa = PBXBuildFile; fileRef = 43944AF70EB0F21E0093D00E /* Problem213.m */; };
		43AC312C0EBAFF82007D5297 /* Problem85.m in Sources */ = {isa = PBXBuildFile; fileRef = 43AC312B0EBAFF82007D5297 /* Problem85.m */; };
		43BE8A200EB644F300CDD0CC /* Problem40.m in Sources */ = {isa = PBXBuildFile; fileRef = 43BE8A1F0EB644F300CDD0CC /* Problem40.m */; };
		43D381B40EBB864B00F1D4CB /* Problem79.m in Sources */ = {isa = PBXBuildFile; fileRef = 43D381B30EBB864B00F1D4CB /* Problem79.m */; };
		43E978D60D416001000DAEE5 /* Problem28.m in Sources */ = {isa = PBXBuildFile; fileRef = 43E978D50D416001000DAEE5 /* Problem28.m */; };
		43E979080D416341000DAEE5 /* Problem35.m in Sources */ = {isa = PBXBuildFile; fileRef = 43E979070D416341000DAEE5 /* Problem35.m */; };
		43F70DDC0D47FDA20073426E /* Problem82.m in Sources */ = {isa = PBXBuildFile; fileRef = 43F70DDB0D47FDA20073426E /* Problem82.m */; };
		43F70E7B0D480A310073426E /* Problem81.m in Sources */ = {isa = PBXBuildFile; fileRef = 43F70E7A0D480A310073426E /* Problem81.m */; };
		8DD76F9A0486AA7600D96B5E /* Euler.m in Sources */ = {isa = PBXBuildFile; fileRef = 08FB7796FE84155DC02AAC07 /* Euler.m */; settings = {ATTRIBUTES = (); }; };
		8DD76F9C0486AA7600D96B5E /* Foundation.framework in Frameworks */ = {isa = PBXBuildFile; fileRef = 08FB779EFE84155DC02AAC07 /* Foundation.framework */; };
/* End PBXBuildFile section */

/* Begin PBXCopyFilesBuildPhase section */
		8DD76F9E0486AA7600D96B5E /* CopyFiles */ = {
			isa = PBXCopyFilesBuildPhase;
			buildActionMask = 8;
			dstPath = /usr/share/man/man1/;
			dstSubfolderSpec = 0;
			files = (
			);
			runOnlyForDeploymentPostprocessing = 1;
		};
/* End PBXCopyFilesBuildPhase section */

/* Begin PBXFileReference section */
		08FB7796FE84155DC02AAC07 /* Euler.m */ = {isa = PBXFileReference; fileEncoding = 4; lastKnownFileType = sourcecode.c.objc; path = Euler.m; sourceTree = "<group>"; };
		08FB779EFE84155DC02AAC07 /* Foundation.framework */ = {isa = PBXFileReference; lastKnownFileType = wrapper.framework; name = Foundation.framework; path = /System/Library/Frameworks/Foundation.framework; sourceTree = "<absolute>"; };
		32A70AAB03705E1F00C91783 /* Euler_Prefix.pch */ = {isa = PBXFileReference; fileEncoding = 4; lastKnownFileType = sourcecode.c.h; path = Euler_Prefix.pch; sourceTree = "<group>"; };
		4302790E0EB7A8B2004867B4 /* Problem102.h */ = {isa = PBXFileReference; fileEncoding = 4; lastKnownFileType = sourcecode.c.h; path = Problem102.h; sourceTree = "<group>"; };
		4302790F0EB7A8B2004867B4 /* Problem102.m */ = {isa = PBXFileReference; fileEncoding = 4; lastKnownFileType = sourcecode.c.objc; path = Problem102.m; sourceTree = "<group>"; };
		4320B8820EB83C4D00FC2B88 /* Problem42.h */ = {isa = PBXFileReference; fileEncoding = 4; lastKnownFileType = sourcecode.c.h; path = Problem42.h; sourceTree = "<group>"; };
		4320B8830EB83C4D00FC2B88 /* Problem42.m */ = {isa = PBXFileReference; fileEncoding = 4; lastKnownFileType = sourcecode.c.objc; path = Problem42.m; sourceTree = "<group>"; };
		4320B8AC0EB8415200FC2B88 /* Problem52.m */ = {isa = PBXFileReference; fileEncoding = 4; lastKnownFileType = sourcecode.c.objc; path = Problem52.m; sourceTree = "<group>"; };
		4320B8D20EB8473100FC2B88 /* Problem32.m */ = {isa = PBXFileReference; fileEncoding = 4; lastKnownFileType = sourcecode.c.objc; path = Problem32.m; sourceTree = "<group>"; };
		433533870D360732001F23F8 /* PEProblem.h */ = {isa = PBXFileReference; fileEncoding = 4; lastKnownFileType = sourcecode.c.h; path = PEProblem.h; sourceTree = "<group>"; };
		433533880D360732001F23F8 /* PEProblem.m */ = {isa = PBXFileReference; fileEncoding = 4; lastKnownFileType = sourcecode.c.objc; path = PEProblem.m; sourceTree = "<group>"; };
		4335338D0D3607A4001F23F8 /* Problem1.m */ = {isa = PBXFileReference; fileEncoding = 4; lastKnownFileType = sourcecode.c.objc; path = Problem1.m; sourceTree = "<group>"; };
		4335346A0D36133C001F23F8 /* Problem2.m */ = {isa = PBXFileReference; fileEncoding = 4; lastKnownFileType = sourcecode.c.objc; path = Problem2.m; sourceTree = "<group>"; };
		433534B60D36153B001F23F8 /* Problem3.m */ = {isa = PBXFileReference; fileEncoding = 4; lastKnownFileType = sourcecode.c.objc; path = Problem3.m; sourceTree = "<group>"; };
		433534FB0D361803001F23F8 /* Util.h */ = {isa = PBXFileReference; fileEncoding = 4; lastKnownFileType = sourcecode.c.h; path = Util.h; sourceTree = "<group>"; };
		433534FC0D361803001F23F8 /* Util.m */ = {isa = PBXFileReference; fileEncoding = 4; lastKnownFileType = sourcecode.c.objc; path = Util.m; sourceTree = "<group>"; };
		433535740D361D47001F23F8 /* Problem19.m */ = {isa = PBXFileReference; fileEncoding = 4; lastKnownFileType = sourcecode.c.objc; path = Problem19.m; sourceTree = "<group>"; };
		433535C20D36230A001F23F8 /* Problem18.m */ = {isa = PBXFileReference; fileEncoding = 4; lastKnownFileType = sourcecode.c.objc; path = Problem18.m; sourceTree = "<group>"; };
		433535C40D36232F001F23F8 /* Problem18.h */ = {isa = PBXFileReference; fileEncoding = 4; lastKnownFileType = sourcecode.c.h; path = Problem18.h; sourceTree = "<group>"; };
		4341D1D80D36B22700E58B07 /* Problem67.h */ = {isa = PBXFileReference; fileEncoding = 4; lastKnownFileType = sourcecode.c.h; path = Problem67.h; sourceTree = "<group>"; };
		4341D1D90D36B22700E58B07 /* Problem67.m */ = {isa = PBXFileReference; fileEncoding = 4; lastKnownFileType = sourcecode.c.objc; path = Problem67.m; sourceTree = "<group>"; };
		4357F9070EF8E4A2004D95B5 /* Problem27.m */ = {isa = PBXFileReference; fileEncoding = 4; lastKnownFileType = sourcecode.c.objc; path = Problem27.m; sourceTree = "<group>"; };
		438A45010EBEC34500B16794 /* Problem53.m */ = {isa = PBXFileReference; fileEncoding = 4; lastKnownFileType = sourcecode.c.objc; path = Problem53.m; sourceTree = "<group>"; };
		438E2F190EBAF86A00265194 /* Problem45.m */ = {isa = PBXFileReference; fileEncoding = 4; lastKnownFileType = sourcecode.c.objc; path = Problem45.m; sourceTree = "<group>"; };
		4390DDAC0E8C77D3001E58D2 /* Problem23.m */ = {isa = PBXFileReference; fileEncoding = 4; lastKnownFileType = sourcecode.c.objc; path = Problem23.m; sourceTree = "<group>"; };
		43944AF70EB0F21E0093D00E /* Problem213.m */ = {isa = PBXFileReference; fileEncoding = 4; lastKnownFileType = sourcecode.c.objc; path = Problem213.m; sourceTree = "<group>"; };
		43AC312B0EBAFF82007D5297 /* Problem85.m */ = {isa = PBXFileReference; fileEncoding = 4; lastKnownFileType = sourcecode.c.objc; path = Problem85.m; sourceTree = "<group>"; };
		43BE8A1F0EB644F300CDD0CC /* Problem40.m */ = {isa = PBXFileReference; fileEncoding = 4; lastKnownFileType = sourcecode.c.objc; path = Problem40.m; sourceTree = "<group>"; };
		43D381B20EBB864B00F1D4CB /* Problem79.h */ = {isa = PBXFileReference; fileEncoding = 4; lastKnownFileType = sourcecode.c.h; path = Problem79.h; sourceTree = "<group>"; };
		43D381B30EBB864B00F1D4CB /* Problem79.m */ = {isa = PBXFileReference; fileEncoding = 4; lastKnownFileType = sourcecode.c.objc; path = Problem79.m; sourceTree = "<group>"; };
		43E978D50D416001000DAEE5 /* Problem28.m */ = {isa = PBXFileReference; fileEncoding = 4; lastKnownFileType = sourcecode.c.objc; path = Problem28.m; sourceTree = "<group>"; };
		43E979070D416341000DAEE5 /* Problem35.m */ = {isa = PBXFileReference; fileEncoding = 4; lastKnownFileType = sourcecode.c.objc; path = Problem35.m; sourceTree = "<group>"; };
		43F70DDB0D47FDA20073426E /* Problem82.m */ = {isa = PBXFileReference; fileEncoding = 4; lastKnownFileType = sourcecode.c.objc; path = Problem82.m; sourceTree = "<group>"; };
		43F70DEC0D47FFCC0073426E /* Problem82.h */ = {isa = PBXFileReference; fileEncoding = 4; lastKnownFileType = sourcecode.c.h; path = Problem82.h; sourceTree = "<group>"; };
		43F70E7A0D480A310073426E /* Problem81.m */ = {isa = PBXFileReference; fileEncoding = 4; lastKnownFileType = sourcecode.c.objc; path = Problem81.m; sourceTree = "<group>"; };
		8DD76FA10486AA7600D96B5E /* Euler */ = {isa = PBXFileReference; explicitFileType = "compiled.mach-o.executable"; includeInIndex = 0; path = Euler; sourceTree = BUILT_PRODUCTS_DIR; };
/* End PBXFileReference section */

/* Begin PBXFrameworksBuildPhase section */
		8DD76F9B0486AA7600D96B5E /* Frameworks */ = {
			isa = PBXFrameworksBuildPhase;
			buildActionMask = 2147483647;
			files = (
				8DD76F9C0486AA7600D96B5E /* Foundation.framework in Frameworks */,
			);
			runOnlyForDeploymentPostprocessing = 0;
		};
/* End PBXFrameworksBuildPhase section */

/* Begin PBXGroup section */
		08FB7794FE84155DC02AAC07 /* Euler */ = {
			isa = PBXGroup;
			children = (
				08FB7795FE84155DC02AAC07 /* Source */,
				08FB779DFE84155DC02AAC07 /* External Frameworks and Libraries */,
				1AB674ADFE9D54B511CA2CBB /* Products */,
			);
			name = Euler;
			sourceTree = "<group>";
		};
		08FB7795FE84155DC02AAC07 /* Source */ = {
			isa = PBXGroup;
			children = (
				32A70AAB03705E1F00C91783 /* Euler_Prefix.pch */,
				08FB7796FE84155DC02AAC07 /* Euler.m */,
				433534FB0D361803001F23F8 /* Util.h */,
				433534FC0D361803001F23F8 /* Util.m */,
				433533870D360732001F23F8 /* PEProblem.h */,
				433533880D360732001F23F8 /* PEProblem.m */,
				4335338D0D3607A4001F23F8 /* Problem1.m */,
				4335346A0D36133C001F23F8 /* Problem2.m */,
				433534B60D36153B001F23F8 /* Problem3.m */,
				433535C40D36232F001F23F8 /* Problem18.h */,
				433535C20D36230A001F23F8 /* Problem18.m */,
				433535740D361D47001F23F8 /* Problem19.m */,
				4390DDAC0E8C77D3001E58D2 /* Problem23.m */,
				4357F9070EF8E4A2004D95B5 /* Problem27.m */,
				43E978D50D416001000DAEE5 /* Problem28.m */,
				4320B8D20EB8473100FC2B88 /* Problem32.m */,
				43D381B20EBB864B00F1D4CB /* Problem79.h */,
				43D381B30EBB864B00F1D4CB /* Problem79.m */,
				43E979070D416341000DAEE5 /* Problem35.m */,
				43BE8A1F0EB644F300CDD0CC /* Problem40.m */,
				4320B8820EB83C4D00FC2B88 /* Problem42.h */,
				4320B8830EB83C4D00FC2B88 /* Problem42.m */,
				438E2F190EBAF86A00265194 /* Problem45.m */,
				4320B8AC0EB8415200FC2B88 /* Problem52.m */,
				438A45010EBEC34500B16794 /* Problem53.m */,
				4341D1D80D36B22700E58B07 /* Problem67.h */,
				4341D1D90D36B22700E58B07 /* Problem67.m */,
				43F70E7A0D480A310073426E /* Problem81.m */,
				43F70DEC0D47FFCC0073426E /* Problem82.h */,
				43F70DDB0D47FDA20073426E /* Problem82.m */,
				43AC312B0EBAFF82007D5297 /* Problem85.m */,
				4302790E0EB7A8B2004867B4 /* Problem102.h */,
				4302790F0EB7A8B2004867B4 /* Problem102.m */,
				43944AF70EB0F21E0093D00E /* Problem213.m */,
			);
			name = Source;
			sourceTree = "<group>";
		};
		08FB779DFE84155DC02AAC07 /* External Frameworks and Libraries */ = {
			isa = PBXGroup;
			children = (
				08FB779EFE84155DC02AAC07 /* Foundation.framework */,
			);
			name = "External Frameworks and Libraries";
			sourceTree = "<group>";
		};
		1AB674ADFE9D54B511CA2CBB /* Products */ = {
			isa = PBXGroup;
			children = (
				8DD76FA10486AA7600D96B5E /* Euler */,
			);
			name = Products;
			sourceTree = "<group>";
		};
/* End PBXGroup section */

/* Begin PBXNativeTarget section */
		8DD76F960486AA7600D96B5E /* Euler */ = {
			isa = PBXNativeTarget;
			buildConfigurationList = 1DEB927408733DD40010E9CD /* Build configuration list for PBXNativeTarget "Euler" */;
			buildPhases = (
				8DD76F990486AA7600D96B5E /* Sources */,
				8DD76F9B0486AA7600D96B5E /* Frameworks */,
				8DD76F9E0486AA7600D96B5E /* CopyFiles */,
			);
			buildRules = (
			);
			dependencies = (
			);
			name = Euler;
			productInstallPath = "$(HOME)/bin";
			productName = Euler;
			productReference = 8DD76FA10486AA7600D96B5E /* Euler */;
			productType = "com.apple.product-type.tool";
		};
/* End PBXNativeTarget section */

/* Begin PBXProject section */
		08FB7793FE84155DC02AAC07 /* Project object */ = {
			isa = PBXProject;
			buildConfigurationList = 1DEB927808733DD40010E9CD /* Build configuration list for PBXProject "Euler" */;
			compatibilityVersion = "Xcode 3.0";
			developmentRegion = English;
			hasScannedForEncodings = 1;
			knownRegions = (
				en,
			);
			mainGroup = 08FB7794FE84155DC02AAC07 /* Euler */;
			projectDirPath = "";
			projectRoot = "";
			targets = (
				8DD76F960486AA7600D96B5E /* Euler */,
			);
		};
/* End PBXProject section */

/* Begin PBXSourcesBuildPhase section */
		8DD76F990486AA7600D96B5E /* Sources */ = {
			isa = PBXSourcesBuildPhase;
			buildActionMask = 2147483647;
			files = (
				8DD76F9A0486AA7600D96B5E /* Euler.m in Sources */,
				433533890D360732001F23F8 /* PEProblem.m in Sources */,
				4335338E0D3607A4001F23F8 /* Problem1.m in Sources */,
				4335346B0D36133C001F23F8 /* Problem2.m in Sources */,
				433534B70D36153B001F23F8 /* Problem3.m in Sources */,
				433534FD0D361803001F23F8 /* Util.m in Sources */,
				433535750D361D47001F23F8 /* Problem19.m in Sources */,
				433535C30D36230A001F23F8 /* Problem18.m in Sources */,
				4341D1DA0D36B22700E58B07 /* Problem67.m in Sources */,
				43E978D60D416001000DAEE5 /* Problem28.m in Sources */,
				43E979080D416341000DAEE5 /* Problem35.m in Sources */,
				43F70DDC0D47FDA20073426E /* Problem82.m in Sources */,
				43F70E7B0D480A310073426E /* Problem81.m in Sources */,
				4390DDAD0E8C77D3001E58D2 /* Problem23.m in Sources */,
				43944AF80EB0F21E0093D00E /* Problem213.m in Sources */,
				43BE8A200EB644F300CDD0CC /* Problem40.m in Sources */,
				430279100EB7A8B2004867B4 /* Problem102.m in Sources */,
				4320B8840EB83C4D00FC2B88 /* Problem42.m in Sources */,
				4320B8AD0EB8415200FC2B88 /* Problem52.m in Sources */,
				4320B8D30EB8473100FC2B88 /* Problem32.m in Sources */,
				438E2F1A0EBAF86A00265194 /* Problem45.m in Sources */,
				43AC312C0EBAFF82007D5297 /* Problem85.m in Sources */,
				43D381B40EBB864B00F1D4CB /* Problem79.m in Sources */,
				438A45020EBEC34500B16794 /* Problem53.m in Sources */,
				4357F9080EF8E4A2004D95B5 /* Problem27.m in Sources */,
			);
			runOnlyForDeploymentPostprocessing = 0;
		};
/* End PBXSourcesBuildPhase section */

/* Begin XCBuildConfiguration section */
		1DEB927508733DD40010E9CD /* Debug */ = {
			isa = XCBuildConfiguration;
			buildSettings = {
				COPY_PHASE_STRIP = NO;
				GCC_DYNAMIC_NO_PIC = NO;
				GCC_ENABLE_FIX_AND_CONTINUE = YES;
				GCC_MODEL_TUNING = G5;
				GCC_OPTIMIZATION_LEVEL = 0;
				GCC_PRECOMPILE_PREFIX_HEADER = YES;
				GCC_PREFIX_HEADER = Euler_Prefix.pch;
				INSTALL_PATH = /usr/local/bin;
				OTHER_LDFLAGS = "-lssl";
				PRODUCT_NAME = Euler;
				ZERO_LINK = YES;
			};
			name = Debug;
		};
		1DEB927608733DD40010E9CD /* Release */ = {
			isa = XCBuildConfiguration;
			buildSettings = {
				DEBUG_INFORMATION_FORMAT = "dwarf-with-dsym";
				GCC_MODEL_TUNING = G5;
				GCC_PRECOMPILE_PREFIX_HEADER = YES;
				GCC_PREFIX_HEADER = Euler_Prefix.pch;
				INSTALL_PATH = /usr/local/bin;
				OTHER_LDFLAGS = "-lssl";
				PRODUCT_NAME = Euler;
			};
			name = Release;
		};
		1DEB927908733DD40010E9CD /* Debug */ = {
			isa = XCBuildConfiguration;
			buildSettings = {
				GCC_WARN_ABOUT_RETURN_TYPE = YES;
				GCC_WARN_UNUSED_VARIABLE = YES;
				PREBINDING = NO;
			};
			name = Debug;
		};
		1DEB927A08733DD40010E9CD /* Release */ = {
			isa = XCBuildConfiguration;
			buildSettings = {
				GCC_WARN_ABOUT_RETURN_TYPE = YES;
				GCC_WARN_UNUSED_VARIABLE = YES;
				PREBINDING = NO;
			};
			name = Release;
		};
/* End XCBuildConfiguration section */

/* Begin XCConfigurationList section */
		1DEB927408733DD40010E9CD /* Build configuration list for PBXNativeTarget "Euler" */ = {
			isa = XCConfigurationList;
			buildConfigurations = (
				1DEB927508733DD40010E9CD /* Debug */,
				1DEB927608733DD40010E9CD /* Release */,
			);
			defaultConfigurationIsVisible = 0;
			defaultConfigurationName = Release;
		};
		1DEB927808733DD40010E9CD /* Build configuration list for PBXProject "Euler" */ = {
			isa = XCConfigurationList;
			buildConfigurations = (
				1DEB927908733DD40010E9CD /* Debug */,
				1DEB927A08733DD40010E9CD /* Release */,
			);
			defaultConfigurationIsVisible = 0;
			defaultConfigurationName = Release;
		};
/* End XCConfigurationList section */
	};
	rootObject = 08FB7793FE84155DC02AAC07 /* Project object */;
}
